Microsoft Visual Studio Solution File, Format Version 12.00
# Visual Studio Version 17
VisualStudioVersion = 17.5.2.0
MinimumVisualStudioVersion = 10.0.40219.1
Project("{FAE04EC0-301F-11D3-BF4B-00C04F79EFBC}") = "WalletBot", "WalletBot\WalletBot.csproj", "{185C4B8F-55B1-4FB0-2103-AB2F5C091F48}"
EndProject
Global
	GlobalSection(SolutionConfigurationPlatforms) = preSolution
		Debug|Any CPU = Debug|Any CPU
		Release|Any CPU = Release|Any CPU
	EndGlobalSection
	GlobalSection(ProjectConfigurationPlatforms) = postSolution
		{185C4B8F-55B1-4FB0-2103-AB2F5C091F48}.Debug|Any CPU.ActiveCfg = Debug|Any CPU
		{185C4B8F-55B1-4FB0-2103-AB2F5C091F48}.Debug|Any CPU.Build.0 = Debug|Any CPU
		{185C4B8F-55B1-4FB0-2103-AB2F5C091F48}.Release|Any CPU.ActiveCfg = Release|Any CPU
		{185C4B8F-55B1-4FB0-2103-AB2F5C091F48}.Release|Any CPU.Build.0 = Release|Any CPU
	EndGlobalSection
	GlobalSection(SolutionProperties) = preSolution
		HideSolutionNode = FALSE
	EndGlobalSection
	GlobalSection(ExtensibilityGlobals) = postSolution
		SolutionGuid = {D503E6A4-5AB3-447E-BEAC-B5B1AE05A4B0}
	EndGlobalSection
EndGlobal
